
Microsoft Visual Studio Solution File, Format Version 12.00
# Visual Studio Version 17
VisualStudioVersion = 17.9.34723.18
MinimumVisualStudioVersion = 10.0.40219.1
Project("{8BC9CEB8-8B4A-11D0-8D11-00A0C91BC942}") = "HedefKonumMesafesi", "HedefKonumMesafesi\HedefKonumMesafesi.vcxproj", "{377C1F77-CE28-4593-B4E6-FF5972E60DF8}"
EndProject
Global
	GlobalSection(SolutionConfigurationPlatforms) = preSolution
		Debug|x64 = Debug|x64
		Debug|x86 = Debug|x86
		Release|x64 = Release|x64
		Release|x86 = Release|x86
	EndGlobalSection
	GlobalSection(ProjectConfigurationPlatforms) = postSolution
		{377C1F77-CE28-4593-B4E6-FF5972E60DF8}.Debug|x64.ActiveCfg = Debug|x64
		{377C1F77-CE28-4593-B4E6-FF5972E60DF8}.Debug|x64.Build.0 = Debug|x64
		{377C1F77-CE28-4593-B4E6-FF5972E60DF8}.Debug|x86.ActiveCfg = Debug|Win32
		{377C1F77-CE28-4593-B4E6-FF5972E60DF8}.Debug|x86.Build.0 = Debug|Win32
		{377C1F77-CE28-4593-B4E6-FF5972E60DF8}.Release|x64.ActiveCfg = Release|x64
		{377C1F77-CE28-4593-B4E6-FF5972E60DF8}.Release|x64.Build.0 = Release|x64
		{377C1F77-CE28-4593-B4E6-FF5972E60DF8}.Release|x86.ActiveCfg = Release|Win32
		{377C1F77-CE28-4593-B4E6-FF5972E60DF8}.Release|x86.Build.0 = Release|Win32
	EndGlobalSection
	GlobalSection(SolutionProperties) = preSolution
		HideSolutionNode = FALSE
	EndGlobalSection
	GlobalSection(ExtensibilityGlobals) = postSolution
		SolutionGuid = {98274AA8-808C-4D5D-A0F7-24D81FDDD05B}
	EndGlobalSection
EndGlobal
